<?xml version="1.0" encoding="utf-8"?>
<Project ToolsVersion="16.0" xmlns="http://schemas.microsoft.com/developer/msbuild/2003">
  <ItemGroup>
    <CustomBuild Include="C:\Users\Igli\Desktop\FeatherRepo\_vsFiles\CMakeFiles\52f591e039e8adba6dfc5024ff307d45\generate.stamp.rule">
      <Filter>CMake Rules</Filter>
    </CustomBuild>
  </ItemGroup>
  <ItemGroup>
    <Filter Include="CMake Rules">
      <UniqueIdentifier>{A28616B8-C2EB-39F2-80D9-DFCCC21709E3}</UniqueIdentifier>
    </Filter>
  </ItemGroup>
</Project>
